
Microsoft Visual Studio Solution File, Format Version 12.00
# Visual Studio Version 16
VisualStudioVersion = 16.0.30503.244
MinimumVisualStudioVersion = 10.0.40219.1
Project("{FAE04EC0-301F-11D3-BF4B-00C04F79EFBC}") = "X-O-X Oyunu", "X-O-X Oyunu\X-O-X Oyunu.csproj", "{ACBCF58B-AD45-4CFA-916D-AF5CE45DBB4D}"
EndProject
Global
	GlobalSection(SolutionConfigurationPlatforms) = preSolution
		Debug|Any CPU = Debug|Any CPU
		Release|Any CPU = Release|Any CPU
	EndGlobalSection
	GlobalSection(ProjectConfigurationPlatforms) = postSolution
		{ACBCF58B-AD45-4CFA-916D-AF5CE45DBB4D}.Debug|Any CPU.ActiveCfg = Debug|Any CPU
		{ACBCF58B-AD45-4CFA-916D-AF5CE45DBB4D}.Debug|Any CPU.Build.0 = Debug|Any CPU
		{ACBCF58B-AD45-4CFA-916D-AF5CE45DBB4D}.Release|Any CPU.ActiveCfg = Release|Any CPU
		{ACBCF58B-AD45-4CFA-916D-AF5CE45DBB4D}.Release|Any CPU.Build.0 = Release|Any CPU
	EndGlobalSection
	GlobalSection(SolutionProperties) = preSolution
		HideSolutionNode = FALSE
	EndGlobalSection
	GlobalSection(ExtensibilityGlobals) = postSolution
		SolutionGuid = {E13C59F8-3A78-4CB1-BE92-5D8CDE006CFF}
	EndGlobalSection
EndGlobal
